// !$*UTF8*$!
{
	archiveVersion = 1;
	classes = {
	};
	objectVersion = 52;
	objects = {

/* Begin PBXBuildFile section */
		8E3B8BA62AAF21C700FF633C /* Service.swift in Sources */ = {isa = PBXBuildFile; fileRef = 8E3B8B812AAF21C600FF633C /* Service.swift */; };
		8E3B8BA72AAF21C700FF633C /* Unimplemented.swift in Sources */ = {isa = PBXBuildFile; fileRef = 8E3B8B822AAF21C600FF633C /* Unimplemented.swift */; };
		8E3B8BA82AAF21C700FF633C /* PeripheralManagerRestoredState.swift in Sources */ = {isa = PBXBuildFile; fileRef = 8E3B8B832AAF21C600FF633C /* PeripheralManagerRestoredState.swift */; };
		8E3B8BA92AAF21C700FF633C /* BluetoothState.swift in Sources */ = {isa = PBXBuildFile; fileRef = 8E3B8B842AAF21C600FF633C /* BluetoothState.swift */; };
		8E3B8BAA2AAF21C700FF633C /* Array+Utils.swift in Sources */ = {isa = PBXBuildFile; fileRef = 8E3B8B852AAF21C600FF633C /* Array+Utils.swift */; };
		8E3B8BAB2AAF21C700FF633C /* Characteristic.swift in Sources */ = {isa = PBXBuildFile; fileRef = 8E3B8B862AAF21C600FF633C /* Characteristic.swift */; };
		8E3B8BAC2AAF21C700FF633C /* CBPeripheralDelegateWrapper.swift in Sources */ = {isa = PBXBuildFile; fileRef = 8E3B8B872AAF21C600FF633C /* CBPeripheralDelegateWrapper.swift */; };
		8E3B8BAD2AAF21C700FF633C /* CBPeripheral+Uuid.swift in Sources */ = {isa = PBXBuildFile; fileRef = 8E3B8B882AAF21C600FF633C /* CBPeripheral+Uuid.swift */; };
		8E3B8BAE2AAF21C700FF633C /* PeripheralProvider.swift in Sources */ = {isa = PBXBuildFile; fileRef = 8E3B8B892AAF21C600FF633C /* PeripheralProvider.swift */; };
		8E3B8BAF2AAF21C700FF633C /* BluetoothError.swift in Sources */ = {isa = PBXBuildFile; fileRef = 8E3B8B8A2AAF21C600FF633C /* BluetoothError.swift */; };
		8E3B8BB02AAF21C700FF633C /* ManagerType.swift in Sources */ = {isa = PBXBuildFile; fileRef = 8E3B8B8B2AAF21C600FF633C /* ManagerType.swift */; };
		8E3B8BB12AAF21C700FF633C /* PeripheralManager+RestoredState.swift in Sources */ = {isa = PBXBuildFile; fileRef = 8E3B8B8C2AAF21C700FF633C /* PeripheralManager+RestoredState.swift */; };
		8E3B8BB22AAF21C700FF633C /* CBPeripheralManagerDelegateWrapper.swift in Sources */ = {isa = PBXBuildFile; fileRef = 8E3B8B8E2AAF21C700FF633C /* CBPeripheralManagerDelegateWrapper.swift */; };
		8E3B8BB32AAF21C700FF633C /* Logger.swift in Sources */ = {isa = PBXBuildFile; fileRef = 8E3B8B8F2AAF21C700FF633C /* Logger.swift */; };
		8E3B8BB42AAF21C700FF633C /* Observable+Absorb.swift in Sources */ = {isa = PBXBuildFile; fileRef = 8E3B8B902AAF21C700FF633C /* Observable+Absorb.swift */; };
		8E3B8BB52AAF21C700FF633C /* CentralManager+RestoredState.swift in Sources */ = {isa = PBXBuildFile; fileRef = 8E3B8B922AAF21C700FF633C /* CentralManager+RestoredState.swift */; };
		8E3B8BB62AAF21C700FF633C /* RestoredState.swift in Sources */ = {isa = PBXBuildFile; fileRef = 8E3B8B932AAF21C700FF633C /* RestoredState.swift */; };
		8E3B8BB72AAF21C700FF633C /* DeviceIdentifiers.swift in Sources */ = {isa = PBXBuildFile; fileRef = 8E3B8B942AAF21C700FF633C /* DeviceIdentifiers.swift */; };
		8E3B8BB82AAF21C700FF633C /* ScannedPeripheral.swift in Sources */ = {isa = PBXBuildFile; fileRef = 8E3B8B952AAF21C700FF633C /* ScannedPeripheral.swift */; };
		8E3B8BB92AAF21C700FF633C /* StartAdvertisingResult.swift in Sources */ = {isa = PBXBuildFile; fileRef = 8E3B8B962AAF21C700FF633C /* StartAdvertisingResult.swift */; };
		8E3B8BBA2AAF21C700FF633C /* RxBluetoothKitLogger.swift in Sources */ = {isa = PBXBuildFile; fileRef = 8E3B8B972AAF21C700FF633C /* RxBluetoothKitLogger.swift */; };
		8E3B8BBB2AAF21C700FF633C /* Peripheral.swift in Sources */ = {isa = PBXBuildFile; fileRef = 8E3B8B982AAF21C700FF633C /* Peripheral.swift */; };
		8E3B8BBC2AAF21C700FF633C /* CBCentral+Uuid.swift in Sources */ = {isa = PBXBuildFile; fileRef = 8E3B8B992AAF21C700FF633C /* CBCentral+Uuid.swift */; };
		8E3B8BBD2AAF21C700FF633C /* UUIDIdentifiable.swift in Sources */ = {isa = PBXBuildFile; fileRef = 8E3B8B9A2AAF21C700FF633C /* UUIDIdentifiable.swift */; };
		8E3B8BBE2AAF21C700FF633C /* CentralManager.swift in Sources */ = {isa = PBXBuildFile; fileRef = 8E3B8B9B2AAF21C700FF633C /* CentralManager.swift */; };
		8E3B8BBF2AAF21C700FF633C /* Boxes.swift in Sources */ = {isa = PBXBuildFile; fileRef = 8E3B8B9C2AAF21C700FF633C /* Boxes.swift */; };
		8E3B8BC02AAF21C700FF633C /* CBCentralManagerDelegateWrapper.swift in Sources */ = {isa = PBXBuildFile; fileRef = 8E3B8B9D2AAF21C700FF633C /* CBCentralManagerDelegateWrapper.swift */; };
		8E3B8BC12AAF21C700FF633C /* Descriptor.swift in Sources */ = {isa = PBXBuildFile; fileRef = 8E3B8B9E2AAF21C700FF633C /* Descriptor.swift */; };
		8E3B8BC22AAF21C700FF633C /* Logging.swift in Sources */ = {isa = PBXBuildFile; fileRef = 8E3B8B9F2AAF21C700FF633C /* Logging.swift */; };
		8E3B8BC32AAF21C700FF633C /* CentralManagerRestoredState.swift in Sources */ = {isa = PBXBuildFile; fileRef = 8E3B8BA02AAF21C700FF633C /* CentralManagerRestoredState.swift */; };
		8E3B8BC42AAF21C700FF633C /* AdvertisementData.swift in Sources */ = {isa = PBXBuildFile; fileRef = 8E3B8BA12AAF21C700FF633C /* AdvertisementData.swift */; };
		8E3B8BC52AAF21C700FF633C /* CharacteristicNotificationManager.swift in Sources */ = {isa = PBXBuildFile; fileRef = 8E3B8BA22AAF21C700FF633C /* CharacteristicNotificationManager.swift */; };
		8E3B8BC62AAF21C700FF633C /* Connector.swift in Sources */ = {isa = PBXBuildFile; fileRef = 8E3B8BA32AAF21C700FF633C /* Connector.swift */; };
		8E3B8BC72AAF21C700FF633C /* Peripheral+Convenience.swift in Sources */ = {isa = PBXBuildFile; fileRef = 8E3B8BA42AAF21C700FF633C /* Peripheral+Convenience.swift */; };
		8E3B8BC82AAF21C700FF633C /* PeripheralManager.swift in Sources */ = {isa = PBXBuildFile; fileRef = 8E3B8BA52AAF21C700FF633C /* PeripheralManager.swift */; };
		8E3B8BCC2AAF227A00FF633C /* RxSwift in Frameworks */ = {isa = PBXBuildFile; productRef = 8E3B8BCB2AAF227A00FF633C /* RxSwift */; };
/* End PBXBuildFile section */

/* Begin PBXCopyFilesBuildPhase section */
		A8F13C232316ADE700A70E91 /* CopyFiles */ = {
			isa = PBXCopyFilesBuildPhase;
			buildActionMask = 2147483647;
			dstPath = "include/$(PRODUCT_NAME)";
			dstSubfolderSpec = 16;
			files = (
			);
			runOnlyForDeploymentPostprocessing = 0;
		};
/* End PBXCopyFilesBuildPhase section */

/* Begin PBXFileReference section */
		8E3B8B812AAF21C600FF633C /* Service.swift */ = {isa = PBXFileReference; fileEncoding = 4; lastKnownFileType = sourcecode.swift; name = Service.swift; path = ../../../RxBluetoothKit/Source/Service.swift; sourceTree = "<group>"; };
		8E3B8B822AAF21C600FF633C /* Unimplemented.swift */ = {isa = PBXFileReference; fileEncoding = 4; lastKnownFileType = sourcecode.swift; name = Unimplemented.swift; path = ../../../RxBluetoothKit/Source/Unimplemented.swift; sourceTree = "<group>"; };
		8E3B8B832AAF21C600FF633C /* PeripheralManagerRestoredState.swift */ = {isa = PBXFileReference; fileEncoding = 4; lastKnownFileType = sourcecode.swift; name = PeripheralManagerRestoredState.swift; path = ../../../RxBluetoothKit/Source/PeripheralManagerRestoredState.swift; sourceTree = "<group>"; };
		8E3B8B842AAF21C600FF633C /* BluetoothState.swift */ = {isa = PBXFileReference; fileEncoding = 4; lastKnownFileType = sourcecode.swift; name = BluetoothState.swift; path = ../../../RxBluetoothKit/Source/BluetoothState.swift; sourceTree = "<group>"; };
		8E3B8B852AAF21C600FF633C /* Array+Utils.swift */ = {isa = PBXFileReference; fileEncoding = 4; lastKnownFileType = sourcecode.swift; name = "Array+Utils.swift"; path = "../../../RxBluetoothKit/Source/Array+Utils.swift"; sourceTree = "<group>"; };
		8E3B8B862AAF21C600FF633C /* Characteristic.swift */ = {isa = PBXFileReference; fileEncoding = 4; lastKnownFileType = sourcecode.swift; name = Characteristic.swift; path = ../../../RxBluetoothKit/Source/Characteristic.swift; sourceTree = "<group>"; };
		8E3B8B872AAF21C600FF633C /* CBPeripheralDelegateWrapper.swift */ = {isa = PBXFileReference; fileEncoding = 4; lastKnownFileType = sourcecode.swift; name = CBPeripheralDelegateWrapper.swift; path = ../../../RxBluetoothKit/Source/CBPeripheralDelegateWrapper.swift; sourceTree = "<group>"; };
		8E3B8B882AAF21C600FF633C /* CBPeripheral+Uuid.swift */ = {isa = PBXFileReference; fileEncoding = 4; lastKnownFileType = sourcecode.swift; name = "CBPeripheral+Uuid.swift"; path = "../../../RxBluetoothKit/Source/CBPeripheral+Uuid.swift"; sourceTree = "<group>"; };
		8E3B8B892AAF21C600FF633C /* PeripheralProvider.swift */ = {isa = PBXFileReference; fileEncoding = 4; lastKnownFileType = sourcecode.swift; name = PeripheralProvider.swift; path = ../../../RxBluetoothKit/Source/PeripheralProvider.swift; sourceTree = "<group>"; };
		8E3B8B8A2AAF21C600FF633C /* BluetoothError.swift */ = {isa = PBXFileReference; fileEncoding = 4; lastKnownFileType = sourcecode.swift; name = BluetoothError.swift; path = ../../../RxBluetoothKit/Source/BluetoothError.swift; sourceTree = "<group>"; };
		8E3B8B8B2AAF21C600FF633C /* ManagerType.swift */ = {isa = PBXFileReference; fileEncoding = 4; lastKnownFileType = sourcecode.swift; name = ManagerType.swift; path = ../../../RxBluetoothKit/Source/ManagerType.swift; sourceTree = "<group>"; };
		8E3B8B8C2AAF21C700FF633C /* PeripheralManager+RestoredState.swift */ = {isa = PBXFileReference; fileEncoding = 4; lastKnownFileType = sourcecode.swift; name = "PeripheralManager+RestoredState.swift"; path = "../../../RxBluetoothKit/Source/PeripheralManager+RestoredState.swift"; sourceTree = "<group>"; };
		8E3B8B8D2AAF21C700FF633C /* Info.plist */ = {isa = PBXFileReference; fileEncoding = 4; lastKnownFileType = text.plist.xml; name = Info.plist; path = ../../../RxBluetoothKit/Source/Info.plist; sourceTree = "<group>"; };
		8E3B8B8E2AAF21C700FF633C /* CBPeripheralManagerDelegateWrapper.swift */ = {isa = PBXFileReference; fileEncoding = 4; lastKnownFileType = sourcecode.swift; name = CBPeripheralManagerDelegateWrapper.swift; path = ../../../RxBluetoothKit/Source/CBPeripheralManagerDelegateWrapper.swift; sourceTree = "<group>"; };
		8E3B8B8F2AAF21C700FF633C /* Logger.swift */ = {isa = PBXFileReference; fileEncoding = 4; lastKnownFileType = sourcecode.swift; name = Logger.swift; path = ../../../RxBluetoothKit/Source/Logger.swift; sourceTree = "<group>"; };
		8E3B8B902AAF21C700FF633C /* Observable+Absorb.swift */ = {isa = PBXFileReference; fileEncoding = 4; lastKnownFileType = sourcecode.swift; name = "Observable+Absorb.swift"; path = "../../../RxBluetoothKit/Source/Observable+Absorb.swift"; sourceTree = "<group>"; };
		8E3B8B912AAF21C700FF633C /* RxBluetoothKit.h */ = {isa = PBXFileReference; fileEncoding = 4; lastKnownFileType = sourcecode.c.h; name = RxBluetoothKit.h; path = ../../../RxBluetoothKit/Source/RxBluetoothKit.h; sourceTree = "<group>"; };
		8E3B8B922AAF21C700FF633C /* CentralManager+RestoredState.swift */ = {isa = PBXFileReference; fileEncoding = 4; lastKnownFileType = sourcecode.swift; name = "CentralManager+RestoredState.swift"; path = "../../../RxBluetoothKit/Source/CentralManager+RestoredState.swift"; sourceTree = "<group>"; };
		8E3B8B932AAF21C700FF633C /* RestoredState.swift */ = {isa = PBXFileReference; fileEncoding = 4; lastKnownFileType = sourcecode.swift; name = RestoredState.swift; path = ../../../RxBluetoothKit/Source/RestoredState.swift; sourceTree = "<group>"; };
		8E3B8B942AAF21C700FF633C /* DeviceIdentifiers.swift */ = {isa = PBXFileReference; fileEncoding = 4; lastKnownFileType = sourcecode.swift; name = DeviceIdentifiers.swift; path = ../../../RxBluetoothKit/Source/DeviceIdentifiers.swift; sourceTree = "<group>"; };
		8E3B8B952AAF21C700FF633C /* ScannedPeripheral.swift */ = {isa = PBXFileReference; fileEncoding = 4; lastKnownFileType = sourcecode.swift; name = ScannedPeripheral.swift; path = ../../../RxBluetoothKit/Source/ScannedPeripheral.swift; sourceTree = "<group>"; };
		8E3B8B962AAF21C700FF633C /* StartAdvertisingResult.swift */ = {isa = PBXFileReference; fileEncoding = 4; lastKnownFileType = sourcecode.swift; name = StartAdvertisingResult.swift; path = ../../../RxBluetoothKit/Source/StartAdvertisingResult.swift; sourceTree = "<group>"; };
		8E3B8B972AAF21C700FF633C /* RxBluetoothKitLogger.swift */ = {isa = PBXFileReference; fileEncoding = 4; lastKnownFileType = sourcecode.swift; name = RxBluetoothKitLogger.swift; path = ../../../RxBluetoothKit/Source/RxBluetoothKitLogger.swift; sourceTree = "<group>"; };
		8E3B8B982AAF21C700FF633C /* Peripheral.swift */ = {isa = PBXFileReference; fileEncoding = 4; lastKnownFileType = sourcecode.swift; name = Peripheral.swift; path = ../../../RxBluetoothKit/Source/Peripheral.swift; sourceTree = "<group>"; };
		8E3B8B992AAF21C700FF633C /* CBCentral+Uuid.swift */ = {isa = PBXFileReference; fileEncoding = 4; lastKnownFileType = sourcecode.swift; name = "CBCentral+Uuid.swift"; path = "../../../RxBluetoothKit/Source/CBCentral+Uuid.swift"; sourceTree = "<group>"; };
		8E3B8B9A2AAF21C700FF633C /* UUIDIdentifiable.swift */ = {isa = PBXFileReference; fileEncoding = 4; lastKnownFileType = sourcecode.swift; name = UUIDIdentifiable.swift; path = ../../../RxBluetoothKit/Source/UUIDIdentifiable.swift; sourceTree = "<group>"; };
		8E3B8B9B2AAF21C700FF633C /* CentralManager.swift */ = {isa = PBXFileReference; fileEncoding = 4; lastKnownFileType = sourcecode.swift; name = CentralManager.swift; path = ../../../RxBluetoothKit/Source/CentralManager.swift; sourceTree = "<group>"; };
		8E3B8B9C2AAF21C700FF633C /* Boxes.swift */ = {isa = PBXFileReference; fileEncoding = 4; lastKnownFileType = sourcecode.swift; name = Boxes.swift; path = ../../../RxBluetoothKit/Source/Boxes.swift; sourceTree = "<group>"; };
		8E3B8B9D2AAF21C700FF633C /* CBCentralManagerDelegateWrapper.swift */ = {isa = PBXFileReference; fileEncoding = 4; lastKnownFileType = sourcecode.swift; name = CBCentralManagerDelegateWrapper.swift; path = ../../../RxBluetoothKit/Source/CBCentralManagerDelegateWrapper.swift; sourceTree = "<group>"; };
		8E3B8B9E2AAF21C700FF633C /* Descriptor.swift */ = {isa = PBXFileReference; fileEncoding = 4; lastKnownFileType = sourcecode.swift; name = Descriptor.swift; path = ../../../RxBluetoothKit/Source/Descriptor.swift; sourceTree = "<group>"; };
		8E3B8B9F2AAF21C700FF633C /* Logging.swift */ = {isa = PBXFileReference; fileEncoding = 4; lastKnownFileType = sourcecode.swift; name = Logging.swift; path = ../../../RxBluetoothKit/Source/Logging.swift; sourceTree = "<group>"; };
		8E3B8BA02AAF21C700FF633C /* CentralManagerRestoredState.swift */ = {isa = PBXFileReference; fileEncoding = 4; lastKnownFileType = sourcecode.swift; name = CentralManagerRestoredState.swift; path = ../../../RxBluetoothKit/Source/CentralManagerRestoredState.swift; sourceTree = "<group>"; };
		8E3B8BA12AAF21C700FF633C /* AdvertisementData.swift */ = {isa = PBXFileReference; fileEncoding = 4; lastKnownFileType = sourcecode.swift; name = AdvertisementData.swift; path = ../../../RxBluetoothKit/Source/AdvertisementData.swift; sourceTree = "<group>"; };
		8E3B8BA22AAF21C700FF633C /* CharacteristicNotificationManager.swift */ = {isa = PBXFileReference; fileEncoding = 4; lastKnownFileType = sourcecode.swift; name = CharacteristicNotificationManager.swift; path = ../../../RxBluetoothKit/Source/CharacteristicNotificationManager.swift; sourceTree = "<group>"; };
		8E3B8BA32AAF21C700FF633C /* Connector.swift */ = {isa = PBXFileReference; fileEncoding = 4; lastKnownFileType = sourcecode.swift; name = Connector.swift; path = ../../../RxBluetoothKit/Source/Connector.swift; sourceTree = "<group>"; };
		8E3B8BA42AAF21C700FF633C /* Peripheral+Convenience.swift */ = {isa = PBXFileReference; fileEncoding = 4; lastKnownFileType = sourcecode.swift; name = "Peripheral+Convenience.swift"; path = "../../../RxBluetoothKit/Source/Peripheral+Convenience.swift"; sourceTree = "<group>"; };
		8E3B8BA52AAF21C700FF633C /* PeripheralManager.swift */ = {isa = PBXFileReference; fileEncoding = 4; lastKnownFileType = sourcecode.swift; name = PeripheralManager.swift; path = ../../../RxBluetoothKit/Source/PeripheralManager.swift; sourceTree = "<group>"; };
		A8F13C252316ADE700A70E91 /* libMultiPlatformBLEAdapter.a */ = {isa = PBXFileReference; explicitFileType = archive.ar; includeInIndex = 0; path = libMultiPlatformBLEAdapter.a; sourceTree = BUILT_PRODUCTS_DIR; };
		A8F13C312316AE3600A70E91 /* MultiPlatformBLEAdapter-Bridging-Header.h */ = {isa = PBXFileReference; lastKnownFileType = sourcecode.c.h; path = "MultiPlatformBLEAdapter-Bridging-Header.h"; sourceTree = "<group>"; };
/* End PBXFileReference section */

/* Begin PBXFrameworksBuildPhase section */
		A8F13C222316ADE700A70E91 /* Frameworks */ = {
			isa = PBXFrameworksBuildPhase;
			buildActionMask = 2147483647;
			files = (
				8E3B8BCC2AAF227A00FF633C /* RxSwift in Frameworks */,
			);
			runOnlyForDeploymentPostprocessing = 0;
		};
/* End PBXFrameworksBuildPhase section */

/* Begin PBXGroup section */
		A8F13C1C2316ADE700A70E91 = {
			isa = PBXGroup;
			children = (
				A8F13C312316AE3600A70E91 /* MultiPlatformBLEAdapter-Bridging-Header.h */,
				A8F13C432316AF7600A70E91 /* RxBluetoothKit */,
				A8F13C262316ADE700A70E91 /* Products */,
			);
			sourceTree = "<group>";
		};
		A8F13C262316ADE700A70E91 /* Products */ = {
			isa = PBXGroup;
			children = (
				A8F13C252316ADE700A70E91 /* libMultiPlatformBLEAdapter.a */,
			);
			name = Products;
			sourceTree = "<group>";
		};
		A8F13C432316AF7600A70E91 /* RxBluetoothKit */ = {
			isa = PBXGroup;
			children = (
				8E3B8BA12AAF21C700FF633C /* AdvertisementData.swift */,
				8E3B8B852AAF21C600FF633C /* Array+Utils.swift */,
				8E3B8B8A2AAF21C600FF633C /* BluetoothError.swift */,
				8E3B8B842AAF21C600FF633C /* BluetoothState.swift */,
				8E3B8B9C2AAF21C700FF633C /* Boxes.swift */,
				8E3B8B992AAF21C700FF633C /* CBCentral+Uuid.swift */,
				8E3B8B9D2AAF21C700FF633C /* CBCentralManagerDelegateWrapper.swift */,
				8E3B8B882AAF21C600FF633C /* CBPeripheral+Uuid.swift */,
				8E3B8B872AAF21C600FF633C /* CBPeripheralDelegateWrapper.swift */,
				8E3B8B8E2AAF21C700FF633C /* CBPeripheralManagerDelegateWrapper.swift */,
				8E3B8B9B2AAF21C700FF633C /* CentralManager.swift */,
				8E3B8B922AAF21C700FF633C /* CentralManager+RestoredState.swift */,
				8E3B8BA02AAF21C700FF633C /* CentralManagerRestoredState.swift */,
				8E3B8B862AAF21C600FF633C /* Characteristic.swift */,
				8E3B8BA22AAF21C700FF633C /* CharacteristicNotificationManager.swift */,
				8E3B8BA32AAF21C700FF633C /* Connector.swift */,
				8E3B8B9E2AAF21C700FF633C /* Descriptor.swift */,
				8E3B8B942AAF21C700FF633C /* DeviceIdentifiers.swift */,
				8E3B8B8D2AAF21C700FF633C /* Info.plist */,
				8E3B8B8F2AAF21C700FF633C /* Logger.swift */,
				8E3B8B9F2AAF21C700FF633C /* Logging.swift */,
				8E3B8B8B2AAF21C600FF633C /* ManagerType.swift */,
				8E3B8B902AAF21C700FF633C /* Observable+Absorb.swift */,
				8E3B8B982AAF21C700FF633C /* Peripheral.swift */,
				8E3B8BA42AAF21C700FF633C /* Peripheral+Convenience.swift */,
				8E3B8BA52AAF21C700FF633C /* PeripheralManager.swift */,
				8E3B8B8C2AAF21C700FF633C /* PeripheralManager+RestoredState.swift */,
				8E3B8B832AAF21C600FF633C /* PeripheralManagerRestoredState.swift */,
				8E3B8B892AAF21C600FF633C /* PeripheralProvider.swift */,
				8E3B8B932AAF21C700FF633C /* RestoredState.swift */,
				8E3B8B912AAF21C700FF633C /* RxBluetoothKit.h */,
				8E3B8B972AAF21C700FF633C /* RxBluetoothKitLogger.swift */,
				8E3B8B952AAF21C700FF633C /* ScannedPeripheral.swift */,
				8E3B8B812AAF21C600FF633C /* Service.swift */,
				8E3B8B962AAF21C700FF633C /* StartAdvertisingResult.swift */,
				8E3B8B822AAF21C600FF633C /* Unimplemented.swift */,
				8E3B8B9A2AAF21C700FF633C /* UUIDIdentifiable.swift */,
			);
			path = RxBluetoothKit;
			sourceTree = "<group>";
		};
/* End PBXGroup section */

/* Begin PBXNativeTarget section */
		A8F13C242316ADE700A70E91 /* MultiPlatformBLEAdapter */ = {
			isa = PBXNativeTarget;
			buildConfigurationList = A8F13C2E2316ADE700A70E91 /* Build configuration list for PBXNativeTarget "MultiPlatformBLEAdapter" */;
			buildPhases = (
				A8F13C212316ADE700A70E91 /* Sources */,
				A8F13C222316ADE700A70E91 /* Frameworks */,
				A8F13C232316ADE700A70E91 /* CopyFiles */,
			);
			buildRules = (
			);
			dependencies = (
			);
			name = MultiPlatformBLEAdapter;
			packageProductDependencies = (
				8E3B8BCB2AAF227A00FF633C /* RxSwift */,
			);
			productName = MultiPlatformBLEAdapter;
			productReference = A8F13C252316ADE700A70E91 /* libMultiPlatformBLEAdapter.a */;
			productType = "com.apple.product-type.library.static";
		};
/* End PBXNativeTarget section */

/* Begin PBXProject section */
		A8F13C1D2316ADE700A70E91 /* Project object */ = {
			isa = PBXProject;
			attributes = {
				LastUpgradeCheck = 1020;
				ORGANIZATIONNAME = Polidea;
				TargetAttributes = {
					A8F13C242316ADE700A70E91 = {
						CreatedOnToolsVersion = 10.2.1;
						LastSwiftMigration = 1020;
					};
				};
			};
			buildConfigurationList = A8F13C202316ADE700A70E91 /* Build configuration list for PBXProject "MultiPlatformBLEAdapter" */;
			compatibilityVersion = "Xcode 9.3";
			developmentRegion = en;
			hasScannedForEncodings = 0;
			knownRegions = (
				en,
			);
			mainGroup = A8F13C1C2316ADE700A70E91;
			packageReferences = (
				8E3B8BCA2AAF227A00FF633C /* XCRemoteSwiftPackageReference "RxSwift" */,
			);
			productRefGroup = A8F13C262316ADE700A70E91 /* Products */;
			projectDirPath = "";
			projectRoot = "";
			targets = (
				A8F13C242316ADE700A70E91 /* MultiPlatformBLEAdapter */,
			);
		};
/* End PBXProject section */

/* Begin PBXSourcesBuildPhase section */
		A8F13C212316ADE700A70E91 /* Sources */ = {
			isa = PBXSourcesBuildPhase;
			buildActionMask = 2147483647;
			files = (
				8E3B8BB92AAF21C700FF633C /* StartAdvertisingResult.swift in Sources */,
				8E3B8BC22AAF21C700FF633C /* Logging.swift in Sources */,
				8E3B8BAC2AAF21C700FF633C /* CBPeripheralDelegateWrapper.swift in Sources */,
				8E3B8BC32AAF21C700FF633C /* CentralManagerRestoredState.swift in Sources */,
				8E3B8BA72AAF21C700FF633C /* Unimplemented.swift in Sources */,
				8E3B8BC62AAF21C700FF633C /* Connector.swift in Sources */,
				8E3B8BBD2AAF21C700FF633C /* UUIDIdentifiable.swift in Sources */,
				8E3B8BBF2AAF21C700FF633C /* Boxes.swift in Sources */,
				8E3B8BB02AAF21C700FF633C /* ManagerType.swift in Sources */,
				8E3B8BC52AAF21C700FF633C /* CharacteristicNotificationManager.swift in Sources */,
				8E3B8BAA2AAF21C700FF633C /* Array+Utils.swift in Sources */,
				8E3B8BC12AAF21C700FF633C /* Descriptor.swift in Sources */,
				8E3B8BB32AAF21C700FF633C /* Logger.swift in Sources */,
				8E3B8BB42AAF21C700FF633C /* Observable+Absorb.swift in Sources */,
				8E3B8BB12AAF21C700FF633C /* PeripheralManager+RestoredState.swift in Sources */,
				8E3B8BA92AAF21C700FF633C /* BluetoothState.swift in Sources */,
				8E3B8BAF2AAF21C700FF633C /* BluetoothError.swift in Sources */,
				8E3B8BB62AAF21C700FF633C /* RestoredState.swift in Sources */,
				8E3B8BC72AAF21C700FF633C /* Peripheral+Convenience.swift in Sources */,
				8E3B8BC02AAF21C700FF633C /* CBCentralManagerDelegateWrapper.swift in Sources */,
				8E3B8BAB2AAF21C700FF633C /* Characteristic.swift in Sources */,
				8E3B8BB72AAF21C700FF633C /* DeviceIdentifiers.swift in Sources */,
				8E3B8BBC2AAF21C700FF633C /* CBCentral+Uuid.swift in Sources */,
				8E3B8BC42AAF21C700FF633C /* AdvertisementData.swift in Sources */,
				8E3B8BC82AAF21C700FF633C /* PeripheralManager.swift in Sources */,
				8E3B8BB82AAF21C700FF633C /* ScannedPeripheral.swift in Sources */,
				8E3B8BB52AAF21C700FF633C /* CentralManager+RestoredState.swift in Sources */,
				8E3B8BBB2AAF21C700FF633C /* Peripheral.swift in Sources */,
				8E3B8BA62AAF21C700FF633C /* Service.swift in Sources */,
				8E3B8BAE2AAF21C700FF633C /* PeripheralProvider.swift in Sources */,
				8E3B8BBA2AAF21C700FF633C /* RxBluetoothKitLogger.swift in Sources */,
				8E3B8BA82AAF21C700FF633C /* PeripheralManagerRestoredState.swift in Sources */,
				8E3B8BAD2AAF21C700FF633C /* CBPeripheral+Uuid.swift in Sources */,
				8E3B8BB22AAF21C700FF633C /* CBPeripheralManagerDelegateWrapper.swift in Sources */,
				8E3B8BBE2AAF21C700FF633C /* CentralManager.swift in Sources */,
			);
			runOnlyForDeploymentPostprocessing = 0;
		};
/* End PBXSourcesBuildPhase section */

/* Begin XCBuildConfiguration section */
		A8F13C2C2316ADE700A70E91 /* Debug */ = {
			isa = XCBuildConfiguration;
			buildSettings = {
				ALWAYS_SEARCH_USER_PATHS = NO;
				CLANG_ANALYZER_NONNULL = YES;
				CLANG_ANALYZER_NUMBER_OBJECT_CONVERSION = YES_AGGRESSIVE;
				CLANG_CXX_LANGUAGE_STANDARD = "gnu++14";
				CLANG_CXX_LIBRARY = "libc++";
				CLANG_ENABLE_MODULES = YES;
				CLANG_ENABLE_OBJC_ARC = YES;
				CLANG_ENABLE_OBJC_WEAK = YES;
				CLANG_WARN_BLOCK_CAPTURE_AUTORELEASING = YES;
				CLANG_WARN_BOOL_CONVERSION = YES;
				CLANG_WARN_COMMA = YES;
				CLANG_WARN_CONSTANT_CONVERSION = YES;
				CLANG_WARN_DEPRECATED_OBJC_IMPLEMENTATIONS = YES;
				CLANG_WARN_DIRECT_OBJC_ISA_USAGE = YES_ERROR;
				CLANG_WARN_DOCUMENTATION_COMMENTS = YES;
				CLANG_WARN_EMPTY_BODY = YES;
				CLANG_WARN_ENUM_CONVERSION = YES;
				CLANG_WARN_INFINITE_RECURSION = YES;
				CLANG_WARN_INT_CONVERSION = YES;
				CLANG_WARN_NON_LITERAL_NULL_CONVERSION = YES;
				CLANG_WARN_OBJC_IMPLICIT_RETAIN_SELF = YES;
				CLANG_WARN_OBJC_LITERAL_CONVERSION = YES;
				CLANG_WARN_OBJC_ROOT_CLASS = YES_ERROR;
				CLANG_WARN_RANGE_LOOP_ANALYSIS = YES;
				CLANG_WARN_STRICT_PROTOTYPES = YES;
				CLANG_WARN_SUSPICIOUS_MOVE = YES;
				CLANG_WARN_UNGUARDED_AVAILABILITY = YES_AGGRESSIVE;
				CLANG_WARN_UNREACHABLE_CODE = YES;
				CLANG_WARN__DUPLICATE_METHOD_MATCH = YES;
				CODE_SIGN_IDENTITY = "iPhone Developer";
				COPY_PHASE_STRIP = NO;
				DEBUG_INFORMATION_FORMAT = dwarf;
				ENABLE_STRICT_OBJC_MSGSEND = YES;
				ENABLE_TESTABILITY = YES;
				GCC_C_LANGUAGE_STANDARD = gnu11;
				GCC_DYNAMIC_NO_PIC = NO;
				GCC_NO_COMMON_BLOCKS = YES;
				GCC_OPTIMIZATION_LEVEL = 0;
				GCC_PREPROCESSOR_DEFINITIONS = (
					"DEBUG=1",
					"$(inherited)",
				);
				GCC_WARN_64_TO_32_BIT_CONVERSION = YES;
				GCC_WARN_ABOUT_RETURN_TYPE = YES_ERROR;
				GCC_WARN_UNDECLARED_SELECTOR = YES;
				GCC_WARN_UNINITIALIZED_AUTOS = YES_AGGRESSIVE;
				GCC_WARN_UNUSED_FUNCTION = YES;
				GCC_WARN_UNUSED_VARIABLE = YES;
				IPHONEOS_DEPLOYMENT_TARGET = 11.0;
				MTL_ENABLE_DEBUG_INFO = INCLUDE_SOURCE;
				MTL_FAST_MATH = YES;
				ONLY_ACTIVE_ARCH = YES;
				SDKROOT = iphoneos;
				SWIFT_VERSION = 4.2;
			};
			name = Debug;
		};
		A8F13C2D2316ADE700A70E91 /* Release */ = {
			isa = XCBuildConfiguration;
			buildSettings = {
				ALWAYS_SEARCH_USER_PATHS = NO;
				CLANG_ANALYZER_NONNULL = YES;
				CLANG_ANALYZER_NUMBER_OBJECT_CONVERSION = YES_AGGRESSIVE;
				CLANG_CXX_LANGUAGE_STANDARD = "gnu++14";
				CLANG_CXX_LIBRARY = "libc++";
				CLANG_ENABLE_MODULES = YES;
				CLANG_ENABLE_OBJC_ARC = YES;
				CLANG_ENABLE_OBJC_WEAK = YES;
				CLANG_WARN_BLOCK_CAPTURE_AUTORELEASING = YES;
				CLANG_WARN_BOOL_CONVERSION = YES;
				CLANG_WARN_COMMA = YES;
				CLANG_WARN_CONSTANT_CONVERSION = YES;
				CLANG_WARN_DEPRECATED_OBJC_IMPLEMENTATIONS = YES;
				CLANG_WARN_DIRECT_OBJC_ISA_USAGE = YES_ERROR;
				CLANG_WARN_DOCUMENTATION_COMMENTS = YES;
				CLANG_WARN_EMPTY_BODY = YES;
				CLANG_WARN_ENUM_CONVERSION = YES;
				CLANG_WARN_INFINITE_RECURSION = YES;
				CLANG_WARN_INT_CONVERSION = YES;
				CLANG_WARN_NON_LITERAL_NULL_CONVERSION = YES;
				CLANG_WARN_OBJC_IMPLICIT_RETAIN_SELF = YES;
				CLANG_WARN_OBJC_LITERAL_CONVERSION = YES;
				CLANG_WARN_OBJC_ROOT_CLASS = YES_ERROR;
				CLANG_WARN_RANGE_LOOP_ANALYSIS = YES;
				CLANG_WARN_STRICT_PROTOTYPES = YES;
				CLANG_WARN_SUSPICIOUS_MOVE = YES;
				CLANG_WARN_UNGUARDED_AVAILABILITY = YES_AGGRESSIVE;
				CLANG_WARN_UNREACHABLE_CODE = YES;
				CLANG_WARN__DUPLICATE_METHOD_MATCH = YES;
				CODE_SIGN_IDENTITY = "iPhone Developer";
				COPY_PHASE_STRIP = NO;
				DEBUG_INFORMATION_FORMAT = "dwarf-with-dsym";
				ENABLE_NS_ASSERTIONS = NO;
				ENABLE_STRICT_OBJC_MSGSEND = YES;
				GCC_C_LANGUAGE_STANDARD = gnu11;
				GCC_NO_COMMON_BLOCKS = YES;
				GCC_WARN_64_TO_32_BIT_CONVERSION = YES;
				GCC_WARN_ABOUT_RETURN_TYPE = YES_ERROR;
				GCC_WARN_UNDECLARED_SELECTOR = YES;
				GCC_WARN_UNINITIALIZED_AUTOS = YES_AGGRESSIVE;
				GCC_WARN_UNUSED_FUNCTION = YES;
				GCC_WARN_UNUSED_VARIABLE = YES;
				IPHONEOS_DEPLOYMENT_TARGET = 11.0;
				MTL_ENABLE_DEBUG_INFO = NO;
				MTL_FAST_MATH = YES;
				SDKROOT = iphoneos;
				SWIFT_VERSION = 4.2;
				VALIDATE_PRODUCT = YES;
			};
			name = Release;
		};
		A8F13C2F2316ADE700A70E91 /* Debug */ = {
			isa = XCBuildConfiguration;
			buildSettings = {
				CLANG_ENABLE_MODULES = YES;
				CODE_SIGN_STYLE = Automatic;
				DEVELOPMENT_TEAM = WR35VQMY5K;
				LD_RUNPATH_SEARCH_PATHS = (
					"$(inherited)",
					"@executable_path/Frameworks",
					"@loader_path/Frameworks",
				);
				OTHER_LDFLAGS = "-ObjC";
				PRODUCT_NAME = "$(TARGET_NAME)";
				SKIP_INSTALL = YES;
				SWIFT_OBJC_BRIDGING_HEADER = "MultiPlatformBLEAdapter-Bridging-Header.h";
				SWIFT_OPTIMIZATION_LEVEL = "-Onone";
				SWIFT_VERSION = 4.2;
				TARGETED_DEVICE_FAMILY = "1,2";
			};
			name = Debug;
		};
		A8F13C302316ADE700A70E91 /* Release */ = {
			isa = XCBuildConfiguration;
			buildSettings = {
				CLANG_ENABLE_MODULES = YES;
				CODE_SIGN_STYLE = Automatic;
				DEVELOPMENT_TEAM = WR35VQMY5K;
				LD_RUNPATH_SEARCH_PATHS = (
					"$(inherited)",
					"@executable_path/Frameworks",
					"@loader_path/Frameworks",
				);
				OTHER_LDFLAGS = "-ObjC";
				PRODUCT_NAME = "$(TARGET_NAME)";
				SKIP_INSTALL = YES;
				SWIFT_OBJC_BRIDGING_HEADER = "MultiPlatformBLEAdapter-Bridging-Header.h";
				SWIFT_VERSION = 4.2;
				TARGETED_DEVICE_FAMILY = "1,2";
			};
			name = Release;
		};
/* End XCBuildConfiguration section */

/* Begin XCConfigurationList section */
		A8F13C202316ADE700A70E91 /* Build configuration list for PBXProject "MultiPlatformBLEAdapter" */ = {
			isa = XCConfigurationList;
			buildConfigurations = (
				A8F13C2C2316ADE700A70E91 /* Debug */,
				A8F13C2D2316ADE700A70E91 /* Release */,
			);
			defaultConfigurationIsVisible = 0;
			defaultConfigurationName = Release;
		};
		A8F13C2E2316ADE700A70E91 /* Build configuration list for PBXNativeTarget "MultiPlatformBLEAdapter" */ = {
			isa = XCConfigurationList;
			buildConfigurations = (
				A8F13C2F2316ADE700A70E91 /* Debug */,
				A8F13C302316ADE700A70E91 /* Release */,
			);
			defaultConfigurationIsVisible = 0;
			defaultConfigurationName = Release;
		};
/* End XCConfigurationList section */

/* Begin XCRemoteSwiftPackageReference section */
		8E3B8BCA2AAF227A00FF633C /* XCRemoteSwiftPackageReference "RxSwift" */ = {
			isa = XCRemoteSwiftPackageReference;
			repositoryURL = "https://github.com/ReactiveX/RxSwift";
			requirement = {
				kind = upToNextMajorVersion;
				minimumVersion = 6.0.0;
			};
		};
/* End XCRemoteSwiftPackageReference section */

/* Begin XCSwiftPackageProductDependency section */
		8E3B8BCB2AAF227A00FF633C /* RxSwift */ = {
			isa = XCSwiftPackageProductDependency;
			package = 8E3B8BCA2AAF227A00FF633C /* XCRemoteSwiftPackageReference "RxSwift" */;
			productName = RxSwift;
		};
/* End XCSwiftPackageProductDependency section */
	};
	rootObject = A8F13C1D2316ADE700A70E91 /* Project object */;
}
